
Microsoft Visual Studio Solution File, Format Version 12.00
# Visual Studio Version 17
VisualStudioVersion = 17.3.32825.248
MinimumVisualStudioVersion = 10.0.40219.1
Project("{9A19103F-16F7-4668-BE54-9A1E7A4F7556}") = "Ucitavanje_validacija_slike", "Ucitavanje_validacija_slike\Ucitavanje_validacija_slike.csproj", "{90755A60-E71E-45DD-AEA8-9469432CA507}"
EndProject
Project("{FAE04EC0-301F-11D3-BF4B-00C04F79EFBC}") = "MLClassifier", "MLClassifier\MLClassifier.csproj", "{AEB60386-883E-4C29-99D8-15F09DA8AB2D}"
EndProject
Global
	GlobalSection(SolutionConfigurationPlatforms) = preSolution
		Debug|Any CPU = Debug|Any CPU
		Release|Any CPU = Release|Any CPU
	EndGlobalSection
	GlobalSection(ProjectConfigurationPlatforms) = postSolution
		{90755A60-E71E-45DD-AEA8-9469432CA507}.Debug|Any CPU.ActiveCfg = Debug|Any CPU
		{90755A60-E71E-45DD-AEA8-9469432CA507}.Debug|Any CPU.Build.0 = Debug|Any CPU
		{90755A60-E71E-45DD-AEA8-9469432CA507}.Release|Any CPU.ActiveCfg = Release|Any CPU
		{90755A60-E71E-45DD-AEA8-9469432CA507}.Release|Any CPU.Build.0 = Release|Any CPU
		{AEB60386-883E-4C29-99D8-15F09DA8AB2D}.Debug|Any CPU.ActiveCfg = Debug|Any CPU
		{AEB60386-883E-4C29-99D8-15F09DA8AB2D}.Debug|Any CPU.Build.0 = Debug|Any CPU
		{AEB60386-883E-4C29-99D8-15F09DA8AB2D}.Release|Any CPU.ActiveCfg = Release|Any CPU
		{AEB60386-883E-4C29-99D8-15F09DA8AB2D}.Release|Any CPU.Build.0 = Release|Any CPU
	EndGlobalSection
	GlobalSection(SolutionProperties) = preSolution
		HideSolutionNode = FALSE
	EndGlobalSection
	GlobalSection(ExtensibilityGlobals) = postSolution
		SolutionGuid = {F1F1F339-5787-4C28-AE35-86FE02E76EAE}
	EndGlobalSection
EndGlobal
